<Solution>
  <Project Path="SampleApp.Core/SampleApp.Core.csproj" Id="279f2d17-5978-4f67-ba63-cf676fe74c6e" />
  <Project Path="SampleApp.Data/SampleApp.Data.csproj" Id="bf803e10-6bbb-4bce-b1b7-3e85aab98cb3" />
  <Project Path="SampleApp.Experiments/SampleApp.Experiments.csproj" Id="f92d0151-45c1-47b2-872a-f9dc67d9cec0" />
  <Project Path="SampleApp.Web.MVC/SampleApp.Web.MVC.csproj" Id="f745b120-30b4-464c-8a38-afe79de3757a" />
  <Project Path="SampleApp.Web.ViewModels/SampleApp.Web.ViewModels.csproj" Id="6f9def44-da14-4b61-9d22-77bc37f636a4" />
</Solution>
